
Microsoft Visual Studio Solution File, Format Version 12.00
# Visual Studio 2017
Project("{FAE04EC0-301F-11D3-BF4B-00C04F79EFBC}") = "Sandy_Box", "Sandy_Box.csproj", "{F520AA38-4446-554A-34EC-FD3368F542EF}"
EndProject
Project("{FAE04EC0-301F-11D3-BF4B-00C04F79EFBC}") = "Sandy_Box.Editor", "Sandy_Box.Editor.csproj", "{55F218C7-F6CB-F4C5-F74A-5D3EBD59E4DA}"
EndProject
Global
	GlobalSection(SolutionConfigurationPlatforms) = preSolution
		Debug|Any CPU = Debug|Any CPU
		Release|Any CPU = Release|Any CPU
	EndGlobalSection
	GlobalSection(ProjectConfigurationPlatforms) = postSolution
		{F520AA38-4446-554A-34EC-FD3368F542EF}.Debug|Any CPU.ActiveCfg = Debug|Any CPU
		{F520AA38-4446-554A-34EC-FD3368F542EF}.Debug|Any CPU.Build.0 = Debug|Any CPU
		{F520AA38-4446-554A-34EC-FD3368F542EF}.Release|Any CPU.ActiveCfg = Release|Any CPU
		{F520AA38-4446-554A-34EC-FD3368F542EF}.Release|Any CPU.Build.0 = Release|Any CPU
		{55F218C7-F6CB-F4C5-F74A-5D3EBD59E4DA}.Debug|Any CPU.ActiveCfg = Debug|Any CPU
		{55F218C7-F6CB-F4C5-F74A-5D3EBD59E4DA}.Debug|Any CPU.Build.0 = Debug|Any CPU
		{55F218C7-F6CB-F4C5-F74A-5D3EBD59E4DA}.Release|Any CPU.ActiveCfg = Release|Any CPU
		{55F218C7-F6CB-F4C5-F74A-5D3EBD59E4DA}.Release|Any CPU.Build.0 = Release|Any CPU
	EndGlobalSection
	GlobalSection(SolutionProperties) = preSolution
		HideSolutionNode = FALSE
	EndGlobalSection
EndGlobal
